// !$*UTF8*$!
{
	archiveVersion = 1;
	classes = {
	};
	objectVersion = 56;
	objects = {

/* Begin PBXBuildFile section */
		3663306CF82D5E56B465DB64 /* libPods-calculator.a in Frameworks */ = {isa = PBXBuildFile; fileRef = FF8D826D4070D99FC557F370 /* libPods-calculator.a */; };
		C36B113128DCC35A0034B460 /* MainVC.swift in Sources */ = {isa = PBXBuildFile; fileRef = C36B113028DCC35A0034B460 /* MainVC.swift */; };
		C36B113328DCC3690034B460 /* MainVM.swift in Sources */ = {isa = PBXBuildFile; fileRef = C36B113228DCC3690034B460 /* MainVM.swift */; };
		C36B113528DCC3720034B460 /* MainCoord.swift in Sources */ = {isa = PBXBuildFile; fileRef = C36B113428DCC3720034B460 /* MainCoord.swift */; };
		C36B113728DCC37A0034B460 /* Main.storyboard in Resources */ = {isa = PBXBuildFile; fileRef = C36B113628DCC37A0034B460 /* Main.storyboard */; };
		C36B113A28DCC8080034B460 /* Storyboard.swift in Sources */ = {isa = PBXBuildFile; fileRef = C36B113928DCC8080034B460 /* Storyboard.swift */; };
		C36B113C28DCC9430034B460 /* Defines.swift in Sources */ = {isa = PBXBuildFile; fileRef = C36B113B28DCC9430034B460 /* Defines.swift */; };
		C3E9D89628DCBA1200877949 /* AppDelegate.swift in Sources */ = {isa = PBXBuildFile; fileRef = C3E9D89528DCBA1200877949 /* AppDelegate.swift */; };
		C3E9D89828DCBA1200877949 /* SceneDelegate.swift in Sources */ = {isa = PBXBuildFile; fileRef = C3E9D89728DCBA1200877949 /* SceneDelegate.swift */; };
		C3E9D89F28DCBA1400877949 /* Assets.xcassets in Resources */ = {isa = PBXBuildFile; fileRef = C3E9D89E28DCBA1400877949 /* Assets.xcassets */; };
		C3E9D8A228DCBA1400877949 /* LaunchScreen.storyboard in Resources */ = {isa = PBXBuildFile; fileRef = C3E9D8A028DCBA1400877949 /* LaunchScreen.storyboard */; };
/* End PBXBuildFile section */

/* Begin PBXFileReference section */
		C36B113028DCC35A0034B460 /* MainVC.swift */ = {isa = PBXFileReference; lastKnownFileType = sourcecode.swift; path = MainVC.swift; sourceTree = "<group>"; };
		C36B113228DCC3690034B460 /* MainVM.swift */ = {isa = PBXFileReference; lastKnownFileType = sourcecode.swift; path = MainVM.swift; sourceTree = "<group>"; };
		C36B113428DCC3720034B460 /* MainCoord.swift */ = {isa = PBXFileReference; lastKnownFileType = sourcecode.swift; path = MainCoord.swift; sourceTree = "<group>"; };
		C36B113628DCC37A0034B460 /* Main.storyboard */ = {isa = PBXFileReference; lastKnownFileType = file.storyboard; path = Main.storyboard; sourceTree = "<group>"; };
		C36B113928DCC8080034B460 /* Storyboard.swift */ = {isa = PBXFileReference; lastKnownFileType = sourcecode.swift; path = Storyboard.swift; sourceTree = "<group>"; };
		C36B113B28DCC9430034B460 /* Defines.swift */ = {isa = PBXFileReference; lastKnownFileType = sourcecode.swift; path = Defines.swift; sourceTree = "<group>"; };
		C3E9D89228DCBA1200877949 /* calculator.app */ = {isa = PBXFileReference; explicitFileType = wrapper.application; includeInIndex = 0; path = calculator.app; sourceTree = BUILT_PRODUCTS_DIR; };
		C3E9D89528DCBA1200877949 /* AppDelegate.swift */ = {isa = PBXFileReference; lastKnownFileType = sourcecode.swift; path = AppDelegate.swift; sourceTree = "<group>"; };
		C3E9D89728DCBA1200877949 /* SceneDelegate.swift */ = {isa = PBXFileReference; lastKnownFileType = sourcecode.swift; path = SceneDelegate.swift; sourceTree = "<group>"; };
		C3E9D89E28DCBA1400877949 /* Assets.xcassets */ = {isa = PBXFileReference; lastKnownFileType = folder.assetcatalog; path = Assets.xcassets; sourceTree = "<group>"; };
		C3E9D8A128DCBA1400877949 /* Base */ = {isa = PBXFileReference; lastKnownFileType = file.storyboard; name = Base; path = Base.lproj/LaunchScreen.storyboard; sourceTree = "<group>"; };
		C3E9D8A328DCBA1400877949 /* Info.plist */ = {isa = PBXFileReference; lastKnownFileType = text.plist.xml; path = Info.plist; sourceTree = "<group>"; };
		C8B53B61095900EFED7C8992 /* Pods-calculator.debug.xcconfig */ = {isa = PBXFileReference; includeInIndex = 1; lastKnownFileType = text.xcconfig; name = "Pods-calculator.debug.xcconfig"; path = "Target Support Files/Pods-calculator/Pods-calculator.debug.xcconfig"; sourceTree = "<group>"; };
		F4BF4CFDD2946033682B96F7 /* Pods-calculator.release.xcconfig */ = {isa = PBXFileReference; includeInIndex = 1; lastKnownFileType = text.xcconfig; name = "Pods-calculator.release.xcconfig"; path = "Target Support Files/Pods-calculator/Pods-calculator.release.xcconfig"; sourceTree = "<group>"; };
		FF8D826D4070D99FC557F370 /* libPods-calculator.a */ = {isa = PBXFileReference; explicitFileType = archive.ar; includeInIndex = 0; path = "libPods-calculator.a"; sourceTree = BUILT_PRODUCTS_DIR; };
/* End PBXFileReference section */

/* Begin PBXFrameworksBuildPhase section */
		C3E9D88F28DCBA1200877949 /* Frameworks */ = {
			isa = PBXFrameworksBuildPhase;
			buildActionMask = 2147483647;
			files = (
				3663306CF82D5E56B465DB64 /* libPods-calculator.a in Frameworks */,
			);
			runOnlyForDeploymentPostprocessing = 0;
		};
/* End PBXFrameworksBuildPhase section */

/* Begin PBXGroup section */
		B36580403B81ABCEFED33AA4 /* Pods */ = {
			isa = PBXGroup;
			children = (
				C8B53B61095900EFED7C8992 /* Pods-calculator.debug.xcconfig */,
				F4BF4CFDD2946033682B96F7 /* Pods-calculator.release.xcconfig */,
			);
			path = Pods;
			sourceTree = "<group>";
		};
		C36B112B28DCC2C40034B460 /* Presentation */ = {
			isa = PBXGroup;
			children = (
				C36B112C28DCC2CC0034B460 /* Screens */,
			);
			path = Presentation;
			sourceTree = "<group>";
		};
		C36B112C28DCC2CC0034B460 /* Screens */ = {
			isa = PBXGroup;
			children = (
				C36B112D28DCC2D00034B460 /* Main */,
			);
			path = Screens;
			sourceTree = "<group>";
		};
		C36B112D28DCC2D00034B460 /* Main */ = {
			isa = PBXGroup;
			children = (
				C36B113428DCC3720034B460 /* MainCoord.swift */,
				C36B113228DCC3690034B460 /* MainVM.swift */,
				C36B113028DCC35A0034B460 /* MainVC.swift */,
				C36B113628DCC37A0034B460 /* Main.storyboard */,
			);
			path = Main;
			sourceTree = "<group>";
		};
		C36B112E28DCC2EE0034B460 /* Resources */ = {
			isa = PBXGroup;
			children = (
				C3E9D8A328DCBA1400877949 /* Info.plist */,
				C3E9D8A028DCBA1400877949 /* LaunchScreen.storyboard */,
				C3E9D89E28DCBA1400877949 /* Assets.xcassets */,
			);
			path = Resources;
			sourceTree = "<group>";
		};
		C36B112F28DCC3190034B460 /* Common */ = {
			isa = PBXGroup;
			children = (
				C36B113828DCC7F30034B460 /* Extensions */,
				C36B113B28DCC9430034B460 /* Defines.swift */,
			);
			path = Common;
			sourceTree = "<group>";
		};
		C36B113828DCC7F30034B460 /* Extensions */ = {
			isa = PBXGroup;
			children = (
				C36B113928DCC8080034B460 /* Storyboard.swift */,
			);
			path = Extensions;
			sourceTree = "<group>";
		};
		C3E9D88928DCBA1200877949 = {
			isa = PBXGroup;
			children = (
				C3E9D89428DCBA1200877949 /* calculator */,
				C3E9D89328DCBA1200877949 /* Products */,
				B36580403B81ABCEFED33AA4 /* Pods */,
				CA2EAA91A87028BB5954242B /* Frameworks */,
			);
			sourceTree = "<group>";
		};
		C3E9D89328DCBA1200877949 /* Products */ = {
			isa = PBXGroup;
			children = (
				C3E9D89228DCBA1200877949 /* calculator.app */,
			);
			name = Products;
			sourceTree = "<group>";
		};
		C3E9D89428DCBA1200877949 /* calculator */ = {
			isa = PBXGroup;
			children = (
				C3E9D89528DCBA1200877949 /* AppDelegate.swift */,
				C3E9D89728DCBA1200877949 /* SceneDelegate.swift */,
				C36B112F28DCC3190034B460 /* Common */,
				C36B112B28DCC2C40034B460 /* Presentation */,
				C36B112E28DCC2EE0034B460 /* Resources */,
			);
			path = calculator;
			sourceTree = "<group>";
		};
		CA2EAA91A87028BB5954242B /* Frameworks */ = {
			isa = PBXGroup;
			children = (
				FF8D826D4070D99FC557F370 /* libPods-calculator.a */,
			);
			name = Frameworks;
			sourceTree = "<group>";
		};
/* End PBXGroup section */

/* Begin PBXNativeTarget section */
		C3E9D89128DCBA1200877949 /* calculator */ = {
			isa = PBXNativeTarget;
			buildConfigurationList = C3E9D8A628DCBA1400877949 /* Build configuration list for PBXNativeTarget "calculator" */;
			buildPhases = (
				BDCDC5CFF2B21286B256EB55 /* [CP] Check Pods Manifest.lock */,
				C3E9D88E28DCBA1200877949 /* Sources */,
				C3E9D88F28DCBA1200877949 /* Frameworks */,
				C3E9D89028DCBA1200877949 /* Resources */,
			);
			buildRules = (
			);
			dependencies = (
			);
			name = calculator;
			productName = calculator;
			productReference = C3E9D89228DCBA1200877949 /* calculator.app */;
			productType = "com.apple.product-type.application";
		};
/* End PBXNativeTarget section */

/* Begin PBXProject section */
		C3E9D88A28DCBA1200877949 /* Project object */ = {
			isa = PBXProject;
			attributes = {
				BuildIndependentTargetsInParallel = 1;
				LastSwiftUpdateCheck = 1400;
				LastUpgradeCheck = 1400;
				TargetAttributes = {
					C3E9D89128DCBA1200877949 = {
						CreatedOnToolsVersion = 14.0;
					};
				};
			};
			buildConfigurationList = C3E9D88D28DCBA1200877949 /* Build configuration list for PBXProject "calculator" */;
			compatibilityVersion = "Xcode 14.0";
			developmentRegion = en;
			hasScannedForEncodings = 0;
			knownRegions = (
				en,
				Base,
			);
			mainGroup = C3E9D88928DCBA1200877949;
			productRefGroup = C3E9D89328DCBA1200877949 /* Products */;
			projectDirPath = "";
			projectRoot = "";
			targets = (
				C3E9D89128DCBA1200877949 /* calculator */,
			);
		};
/* End PBXProject section */

/* Begin PBXResourcesBuildPhase section */
		C3E9D89028DCBA1200877949 /* Resources */ = {
			isa = PBXResourcesBuildPhase;
			buildActionMask = 2147483647;
			files = (
				C36B113728DCC37A0034B460 /* Main.storyboard in Resources */,
				C3E9D8A228DCBA1400877949 /* LaunchScreen.storyboard in Resources */,
				C3E9D89F28DCBA1400877949 /* Assets.xcassets in Resources */,
			);
			runOnlyForDeploymentPostprocessing = 0;
		};
/* End PBXResourcesBuildPhase section */

/* Begin PBXShellScriptBuildPhase section */
		BDCDC5CFF2B21286B256EB55 /* [CP] Check Pods Manifest.lock */ = {
			isa = PBXShellScriptBuildPhase;
			buildActionMask = 2147483647;
			files = (
			);
			inputFileListPaths = (
			);
			inputPaths = (
				"${PODS_PODFILE_DIR_PATH}/Podfile.lock",
				"${PODS_ROOT}/Manifest.lock",
			);
			name = "[CP] Check Pods Manifest.lock";
			outputFileListPaths = (
			);
			outputPaths = (
				"$(DERIVED_FILE_DIR)/Pods-calculator-checkManifestLockResult.txt",
			);
			runOnlyForDeploymentPostprocessing = 0;
			shellPath = /bin/sh;
			shellScript = "diff \"${PODS_PODFILE_DIR_PATH}/Podfile.lock\" \"${PODS_ROOT}/Manifest.lock\" > /dev/null\nif [ $? != 0 ] ; then\n    # print error to STDERR\n    echo \"error: The sandbox is not in sync with the Podfile.lock. Run 'pod install' or update your CocoaPods installation.\" >&2\n    exit 1\nfi\n# This output is used by Xcode 'outputs' to avoid re-running this script phase.\necho \"SUCCESS\" > \"${SCRIPT_OUTPUT_FILE_0}\"\n";
			showEnvVarsInLog = 0;
		};
/* End PBXShellScriptBuildPhase section */

/* Begin PBXSourcesBuildPhase section */
		C3E9D88E28DCBA1200877949 /* Sources */ = {
			isa = PBXSourcesBuildPhase;
			buildActionMask = 2147483647;
			files = (
				C36B113C28DCC9430034B460 /* Defines.swift in Sources */,
				C3E9D89628DCBA1200877949 /* AppDelegate.swift in Sources */,
				C36B113128DCC35A0034B460 /* MainVC.swift in Sources */,
				C36B113528DCC3720034B460 /* MainCoord.swift in Sources */,
				C3E9D89828DCBA1200877949 /* SceneDelegate.swift in Sources */,
				C36B113A28DCC8080034B460 /* Storyboard.swift in Sources */,
				C36B113328DCC3690034B460 /* MainVM.swift in Sources */,
			);
			runOnlyForDeploymentPostprocessing = 0;
		};
/* End PBXSourcesBuildPhase section */

/* Begin PBXVariantGroup section */
		C3E9D8A028DCBA1400877949 /* LaunchScreen.storyboard */ = {
			isa = PBXVariantGroup;
			children = (
				C3E9D8A128DCBA1400877949 /* Base */,
			);
			name = LaunchScreen.storyboard;
			sourceTree = "<group>";
		};
/* End PBXVariantGroup section */

/* Begin XCBuildConfiguration section */
		C3E9D8A428DCBA1400877949 /* Debug */ = {
			isa = XCBuildConfiguration;
			buildSettings = {
				ALWAYS_SEARCH_USER_PATHS = NO;
				CLANG_ANALYZER_NONNULL = YES;
				CLANG_ANALYZER_NUMBER_OBJECT_CONVERSION = YES_AGGRESSIVE;
				CLANG_CXX_LANGUAGE_STANDARD = "gnu++20";
				CLANG_ENABLE_MODULES = YES;
				CLANG_ENABLE_OBJC_ARC = YES;
				CLANG_ENABLE_OBJC_WEAK = YES;
				CLANG_WARN_BLOCK_CAPTURE_AUTORELEASING = YES;
				CLANG_WARN_BOOL_CONVERSION = YES;
				CLANG_WARN_COMMA = YES;
				CLANG_WARN_CONSTANT_CONVERSION = YES;
				CLANG_WARN_DEPRECATED_OBJC_IMPLEMENTATIONS = YES;
				CLANG_WARN_DIRECT_OBJC_ISA_USAGE = YES_ERROR;
				CLANG_WARN_DOCUMENTATION_COMMENTS = YES;
				CLANG_WARN_EMPTY_BODY = YES;
				CLANG_WARN_ENUM_CONVERSION = YES;
				CLANG_WARN_INFINITE_RECURSION = YES;
				CLANG_WARN_INT_CONVERSION = YES;
				CLANG_WARN_NON_LITERAL_NULL_CONVERSION = YES;
				CLANG_WARN_OBJC_IMPLICIT_RETAIN_SELF = YES;
				CLANG_WARN_OBJC_LITERAL_CONVERSION = YES;
				CLANG_WARN_OBJC_ROOT_CLASS = YES_ERROR;
				CLANG_WARN_QUOTED_INCLUDE_IN_FRAMEWORK_HEADER = YES;
				CLANG_WARN_RANGE_LOOP_ANALYSIS = YES;
				CLANG_WARN_STRICT_PROTOTYPES = YES;
				CLANG_WARN_SUSPICIOUS_MOVE = YES;
				CLANG_WARN_UNGUARDED_AVAILABILITY = YES_AGGRESSIVE;
				CLANG_WARN_UNREACHABLE_CODE = YES;
				CLANG_WARN__DUPLICATE_METHOD_MATCH = YES;
				COPY_PHASE_STRIP = NO;
				DEBUG_INFORMATION_FORMAT = dwarf;
				ENABLE_STRICT_OBJC_MSGSEND = YES;
				ENABLE_TESTABILITY = YES;
				GCC_C_LANGUAGE_STANDARD = gnu11;
				GCC_DYNAMIC_NO_PIC = NO;
				GCC_NO_COMMON_BLOCKS = YES;
				GCC_OPTIMIZATION_LEVEL = 0;
				GCC_PREPROCESSOR_DEFINITIONS = (
					"DEBUG=1",
					"$(inherited)",
				);
				GCC_WARN_64_TO_32_BIT_CONVERSION = YES;
				GCC_WARN_ABOUT_RETURN_TYPE = YES_ERROR;
				GCC_WARN_UNDECLARED_SELECTOR = YES;
				GCC_WARN_UNINITIALIZED_AUTOS = YES_AGGRESSIVE;
				GCC_WARN_UNUSED_FUNCTION = YES;
				GCC_WARN_UNUSED_VARIABLE = YES;
				IPHONEOS_DEPLOYMENT_TARGET = 16.0;
				MTL_ENABLE_DEBUG_INFO = INCLUDE_SOURCE;
				MTL_FAST_MATH = YES;
				ONLY_ACTIVE_ARCH = YES;
				SDKROOT = iphoneos;
				SWIFT_ACTIVE_COMPILATION_CONDITIONS = DEBUG;
				SWIFT_OPTIMIZATION_LEVEL = "-Onone";
			};
			name = Debug;
		};
		C3E9D8A528DCBA1400877949 /* Release */ = {
			isa = XCBuildConfiguration;
			buildSettings = {
				ALWAYS_SEARCH_USER_PATHS = NO;
				CLANG_ANALYZER_NONNULL = YES;
				CLANG_ANALYZER_NUMBER_OBJECT_CONVERSION = YES_AGGRESSIVE;
				CLANG_CXX_LANGUAGE_STANDARD = "gnu++20";
				CLANG_ENABLE_MODULES = YES;
				CLANG_ENABLE_OBJC_ARC = YES;
				CLANG_ENABLE_OBJC_WEAK = YES;
				CLANG_WARN_BLOCK_CAPTURE_AUTORELEASING = YES;
				CLANG_WARN_BOOL_CONVERSION = YES;
				CLANG_WARN_COMMA = YES;
				CLANG_WARN_CONSTANT_CONVERSION = YES;
				CLANG_WARN_DEPRECATED_OBJC_IMPLEMENTATIONS = YES;
				CLANG_WARN_DIRECT_OBJC_ISA_USAGE = YES_ERROR;
				CLANG_WARN_DOCUMENTATION_COMMENTS = YES;
				CLANG_WARN_EMPTY_BODY = YES;
				CLANG_WARN_ENUM_CONVERSION = YES;
				CLANG_WARN_INFINITE_RECURSION = YES;
				CLANG_WARN_INT_CONVERSION = YES;
				CLANG_WARN_NON_LITERAL_NULL_CONVERSION = YES;
				CLANG_WARN_OBJC_IMPLICIT_RETAIN_SELF = YES;
				CLANG_WARN_OBJC_LITERAL_CONVERSION = YES;
				CLANG_WARN_OBJC_ROOT_CLASS = YES_ERROR;
				CLANG_WARN_QUOTED_INCLUDE_IN_FRAMEWORK_HEADER = YES;
				CLANG_WARN_RANGE_LOOP_ANALYSIS = YES;
				CLANG_WARN_STRICT_PROTOTYPES = YES;
				CLANG_WARN_SUSPICIOUS_MOVE = YES;
				CLANG_WARN_UNGUARDED_AVAILABILITY = YES_AGGRESSIVE;
				CLANG_WARN_UNREACHABLE_CODE = YES;
				CLANG_WARN__DUPLICATE_METHOD_MATCH = YES;
				COPY_PHASE_STRIP = NO;
				DEBUG_INFORMATION_FORMAT = "dwarf-with-dsym";
				ENABLE_NS_ASSERTIONS = NO;
				ENABLE_STRICT_OBJC_MSGSEND = YES;
				GCC_C_LANGUAGE_STANDARD = gnu11;
				GCC_NO_COMMON_BLOCKS = YES;
				GCC_WARN_64_TO_32_BIT_CONVERSION = YES;
				GCC_WARN_ABOUT_RETURN_TYPE = YES_ERROR;
				GCC_WARN_UNDECLARED_SELECTOR = YES;
				GCC_WARN_UNINITIALIZED_AUTOS = YES_AGGRESSIVE;
				GCC_WARN_UNUSED_FUNCTION = YES;
				GCC_WARN_UNUSED_VARIABLE = YES;
				IPHONEOS_DEPLOYMENT_TARGET = 16.0;
				MTL_ENABLE_DEBUG_INFO = NO;
				MTL_FAST_MATH = YES;
				SDKROOT = iphoneos;
				SWIFT_COMPILATION_MODE = wholemodule;
				SWIFT_OPTIMIZATION_LEVEL = "-O";
				VALIDATE_PRODUCT = YES;
			};
			name = Release;
		};
		C3E9D8A728DCBA1400877949 /* Debug */ = {
			isa = XCBuildConfiguration;
			baseConfigurationReference = C8B53B61095900EFED7C8992 /* Pods-calculator.debug.xcconfig */;
			buildSettings = {
				ASSETCATALOG_COMPILER_APPICON_NAME = AppIcon;
				ASSETCATALOG_COMPILER_GLOBAL_ACCENT_COLOR_NAME = AccentColor;
				CODE_SIGN_STYLE = Automatic;
				CURRENT_PROJECT_VERSION = 1;
				GENERATE_INFOPLIST_FILE = YES;
				INFOPLIST_FILE = calculator/Resources/Info.plist;
				INFOPLIST_KEY_UIApplicationSupportsIndirectInputEvents = YES;
				INFOPLIST_KEY_UILaunchStoryboardName = LaunchScreen;
				INFOPLIST_KEY_UISupportedInterfaceOrientations = UIInterfaceOrientationPortrait;
				LD_RUNPATH_SEARCH_PATHS = (
					"$(inherited)",
					"@executable_path/Frameworks",
				);
				MARKETING_VERSION = 1.0;
				PRODUCT_BUNDLE_IDENTIFIER = pavel.sharkov.calculator.com.calculator;
				PRODUCT_NAME = "$(TARGET_NAME)";
				SUPPORTED_PLATFORMS = "iphoneos iphonesimulator";
				SUPPORTS_MACCATALYST = NO;
				SUPPORTS_MAC_DESIGNED_FOR_IPHONE_IPAD = NO;
				SWIFT_EMIT_LOC_STRINGS = YES;
				SWIFT_VERSION = 5.0;
				TARGETED_DEVICE_FAMILY = 1;
			};
			name = Debug;
		};
		C3E9D8A828DCBA1400877949 /* Release */ = {
			isa = XCBuildConfiguration;
			baseConfigurationReference = F4BF4CFDD2946033682B96F7 /* Pods-calculator.release.xcconfig */;
			buildSettings = {
				ASSETCATALOG_COMPILER_APPICON_NAME = AppIcon;
				ASSETCATALOG_COMPILER_GLOBAL_ACCENT_COLOR_NAME = AccentColor;
				CODE_SIGN_STYLE = Automatic;
				CURRENT_PROJECT_VERSION = 1;
				INFOPLIST_FILE = calculator/Resources/Info.plist;
				INFOPLIST_KEY_UIApplicationSupportsIndirectInputEvents = YES;
				INFOPLIST_KEY_UILaunchStoryboardName = LaunchScreen;
				INFOPLIST_KEY_UISupportedInterfaceOrientations = UIInterfaceOrientationPortrait;
				LD_RUNPATH_SEARCH_PATHS = (
					"$(inherited)",
					"@executable_path/Frameworks",
				);
				MARKETING_VERSION = 1.0;
				PRODUCT_BUNDLE_IDENTIFIER = pavel.sharkov.calculator.com.calculator;
				PRODUCT_NAME = "$(TARGET_NAME)";
				SUPPORTED_PLATFORMS = "iphoneos iphonesimulator";
				SUPPORTS_MACCATALYST = NO;
				SUPPORTS_MAC_DESIGNED_FOR_IPHONE_IPAD = NO;
				SWIFT_EMIT_LOC_STRINGS = YES;
				SWIFT_VERSION = 5.0;
				TARGETED_DEVICE_FAMILY = 1;
			};
			name = Release;
		};
/* End XCBuildConfiguration section */

/* Begin XCConfigurationList section */
		C3E9D88D28DCBA1200877949 /* Build configuration list for PBXProject "calculator" */ = {
			isa = XCConfigurationList;
			buildConfigurations = (
				C3E9D8A428DCBA1400877949 /* Debug */,
				C3E9D8A528DCBA1400877949 /* Release */,
			);
			defaultConfigurationIsVisible = 0;
			defaultConfigurationName = Release;
		};
		C3E9D8A628DCBA1400877949 /* Build configuration list for PBXNativeTarget "calculator" */ = {
			isa = XCConfigurationList;
			buildConfigurations = (
				C3E9D8A728DCBA1400877949 /* Debug */,
				C3E9D8A828DCBA1400877949 /* Release */,
			);
			defaultConfigurationIsVisible = 0;
			defaultConfigurationName = Release;
		};
/* End XCConfigurationList section */
	};
	rootObject = C3E9D88A28DCBA1200877949 /* Project object */;
}
